
Microsoft Visual Studio Solution File, Format Version 12.00
# Visual Studio Version 17
VisualStudioVersion = 17.0.31919.166
MinimumVisualStudioVersion = 10.0.40219.1
Project("{FAE04EC0-301F-11D3-BF4B-00C04F79EFBC}") = "V3UnityFontReader", "V3UnityFontReader\V3UnityFontReader.csproj", "{E47BC114-A5F3-4BF3-90D0-735CD6187195}"
EndProject
Global
	GlobalSection(SolutionConfigurationPlatforms) = preSolution
		Debug|Any CPU = Debug|Any CPU
		Release|Any CPU = Release|Any CPU
	EndGlobalSection
	GlobalSection(ProjectConfigurationPlatforms) = postSolution
		{E47BC114-A5F3-4BF3-90D0-735CD6187195}.Debug|Any CPU.ActiveCfg = Debug|Any CPU
		{E47BC114-A5F3-4BF3-90D0-735CD6187195}.Debug|Any CPU.Build.0 = Debug|Any CPU
		{E47BC114-A5F3-4BF3-90D0-735CD6187195}.Release|Any CPU.ActiveCfg = Release|Any CPU
		{E47BC114-A5F3-4BF3-90D0-735CD6187195}.Release|Any CPU.Build.0 = Release|Any CPU
	EndGlobalSection
	GlobalSection(SolutionProperties) = preSolution
		HideSolutionNode = FALSE
	EndGlobalSection
	GlobalSection(ExtensibilityGlobals) = postSolution
		SolutionGuid = {5CA5DB48-0E3C-4F65-8113-A49B652AFED7}
	EndGlobalSection
EndGlobal
